// !$*UTF8*$!
{
	archiveVersion = 1;
	classes = {
	};
	objectVersion = 56;
	objects = {

/* Begin PBXBuildFile section */
		0676B2EF2A9FA5DD00A40094 /* Post.swift in Sources */ = {isa = PBXBuildFile; fileRef = 0676B2EE2A9FA5DD00A40094 /* Post.swift */; };
		068325382A9CB82500520282 /* GoogleService-Info.plist in Resources */ = {isa = PBXBuildFile; fileRef = 068325372A9CB82400520282 /* GoogleService-Info.plist */; };
		068884472A9DCF7F00B45DF8 /* FeedViewController.swift in Sources */ = {isa = PBXBuildFile; fileRef = 068884462A9DCF7F00B45DF8 /* FeedViewController.swift */; };
		068884492A9DCF9E00B45DF8 /* UploadViewController.swift in Sources */ = {isa = PBXBuildFile; fileRef = 068884482A9DCF9E00B45DF8 /* UploadViewController.swift */; };
		0688844B2A9DCFB000B45DF8 /* SettingsViewController.swift in Sources */ = {isa = PBXBuildFile; fileRef = 0688844A2A9DCFB000B45DF8 /* SettingsViewController.swift */; };
		06890E262A9F7B43002F44FF /* SDWebImage in Frameworks */ = {isa = PBXBuildFile; productRef = 06890E252A9F7B43002F44FF /* SDWebImage */; };
		06890E282A9F8E01002F44FF /* FeedTableViewCell.swift in Sources */ = {isa = PBXBuildFile; fileRef = 06890E272A9F8E01002F44FF /* FeedTableViewCell.swift */; };
		06A22D862A9CA65A00EF1AA1 /* AppDelegate.swift in Sources */ = {isa = PBXBuildFile; fileRef = 06A22D852A9CA65A00EF1AA1 /* AppDelegate.swift */; };
		06A22D882A9CA65A00EF1AA1 /* SceneDelegate.swift in Sources */ = {isa = PBXBuildFile; fileRef = 06A22D872A9CA65A00EF1AA1 /* SceneDelegate.swift */; };
		06A22D8A2A9CA65A00EF1AA1 /* ViewController.swift in Sources */ = {isa = PBXBuildFile; fileRef = 06A22D892A9CA65A00EF1AA1 /* ViewController.swift */; };
		06A22D8D2A9CA65A00EF1AA1 /* Main.storyboard in Resources */ = {isa = PBXBuildFile; fileRef = 06A22D8B2A9CA65A00EF1AA1 /* Main.storyboard */; };
		06A22D8F2A9CA65B00EF1AA1 /* Assets.xcassets in Resources */ = {isa = PBXBuildFile; fileRef = 06A22D8E2A9CA65B00EF1AA1 /* Assets.xcassets */; };
		06A22D922A9CA65B00EF1AA1 /* LaunchScreen.storyboard in Resources */ = {isa = PBXBuildFile; fileRef = 06A22D902A9CA65B00EF1AA1 /* LaunchScreen.storyboard */; };
		06A22D9B2A9CA74200EF1AA1 /* FirebaseAuth in Frameworks */ = {isa = PBXBuildFile; productRef = 06A22D9A2A9CA74200EF1AA1 /* FirebaseAuth */; };
		06A22D9D2A9CA74200EF1AA1 /* FirebaseFirestore in Frameworks */ = {isa = PBXBuildFile; productRef = 06A22D9C2A9CA74200EF1AA1 /* FirebaseFirestore */; };
		06A22D9F2A9CA74200EF1AA1 /* FirebaseStorage in Frameworks */ = {isa = PBXBuildFile; productRef = 06A22D9E2A9CA74200EF1AA1 /* FirebaseStorage */; };
/* End PBXBuildFile section */

/* Begin PBXFileReference section */
		0676B2EE2A9FA5DD00A40094 /* Post.swift */ = {isa = PBXFileReference; lastKnownFileType = sourcecode.swift; path = Post.swift; sourceTree = "<group>"; };
		068325372A9CB82400520282 /* GoogleService-Info.plist */ = {isa = PBXFileReference; fileEncoding = 4; lastKnownFileType = text.plist.xml; path = "GoogleService-Info.plist"; sourceTree = "<group>"; };
		068884462A9DCF7F00B45DF8 /* FeedViewController.swift */ = {isa = PBXFileReference; lastKnownFileType = sourcecode.swift; path = FeedViewController.swift; sourceTree = "<group>"; };
		068884482A9DCF9E00B45DF8 /* UploadViewController.swift */ = {isa = PBXFileReference; lastKnownFileType = sourcecode.swift; path = UploadViewController.swift; sourceTree = "<group>"; };
		0688844A2A9DCFB000B45DF8 /* SettingsViewController.swift */ = {isa = PBXFileReference; lastKnownFileType = sourcecode.swift; path = SettingsViewController.swift; sourceTree = "<group>"; };
		06890E272A9F8E01002F44FF /* FeedTableViewCell.swift */ = {isa = PBXFileReference; lastKnownFileType = sourcecode.swift; path = FeedTableViewCell.swift; sourceTree = "<group>"; };
		06A22D822A9CA65A00EF1AA1 /* PictureApp.app */ = {isa = PBXFileReference; explicitFileType = wrapper.application; includeInIndex = 0; path = PictureApp.app; sourceTree = BUILT_PRODUCTS_DIR; };
		06A22D852A9CA65A00EF1AA1 /* AppDelegate.swift */ = {isa = PBXFileReference; lastKnownFileType = sourcecode.swift; path = AppDelegate.swift; sourceTree = "<group>"; };
		06A22D872A9CA65A00EF1AA1 /* SceneDelegate.swift */ = {isa = PBXFileReference; lastKnownFileType = sourcecode.swift; path = SceneDelegate.swift; sourceTree = "<group>"; };
		06A22D892A9CA65A00EF1AA1 /* ViewController.swift */ = {isa = PBXFileReference; lastKnownFileType = sourcecode.swift; path = ViewController.swift; sourceTree = "<group>"; };
		06A22D8C2A9CA65A00EF1AA1 /* Base */ = {isa = PBXFileReference; lastKnownFileType = file.storyboard; name = Base; path = Base.lproj/Main.storyboard; sourceTree = "<group>"; };
		06A22D8E2A9CA65B00EF1AA1 /* Assets.xcassets */ = {isa = PBXFileReference; lastKnownFileType = folder.assetcatalog; path = Assets.xcassets; sourceTree = "<group>"; };
		06A22D912A9CA65B00EF1AA1 /* Base */ = {isa = PBXFileReference; lastKnownFileType = file.storyboard; name = Base; path = Base.lproj/LaunchScreen.storyboard; sourceTree = "<group>"; };
		06A22D932A9CA65B00EF1AA1 /* Info.plist */ = {isa = PBXFileReference; lastKnownFileType = text.plist.xml; path = Info.plist; sourceTree = "<group>"; };
/* End PBXFileReference section */

/* Begin PBXFrameworksBuildPhase section */
		06A22D7F2A9CA65A00EF1AA1 /* Frameworks */ = {
			isa = PBXFrameworksBuildPhase;
			buildActionMask = 2147483647;
			files = (
				06A22D9B2A9CA74200EF1AA1 /* FirebaseAuth in Frameworks */,
				06A22D9D2A9CA74200EF1AA1 /* FirebaseFirestore in Frameworks */,
				06890E262A9F7B43002F44FF /* SDWebImage in Frameworks */,
				06A22D9F2A9CA74200EF1AA1 /* FirebaseStorage in Frameworks */,
			);
			runOnlyForDeploymentPostprocessing = 0;
		};
/* End PBXFrameworksBuildPhase section */

/* Begin PBXGroup section */
		06A22D792A9CA65A00EF1AA1 = {
			isa = PBXGroup;
			children = (
				06A22D842A9CA65A00EF1AA1 /* PictureApp */,
				06A22D832A9CA65A00EF1AA1 /* Products */,
			);
			sourceTree = "<group>";
		};
		06A22D832A9CA65A00EF1AA1 /* Products */ = {
			isa = PBXGroup;
			children = (
				06A22D822A9CA65A00EF1AA1 /* PictureApp.app */,
			);
			name = Products;
			sourceTree = "<group>";
		};
		06A22D842A9CA65A00EF1AA1 /* PictureApp */ = {
			isa = PBXGroup;
			children = (
				06A22D852A9CA65A00EF1AA1 /* AppDelegate.swift */,
				06A22D872A9CA65A00EF1AA1 /* SceneDelegate.swift */,
				06A22D892A9CA65A00EF1AA1 /* ViewController.swift */,
				068884462A9DCF7F00B45DF8 /* FeedViewController.swift */,
				068884482A9DCF9E00B45DF8 /* UploadViewController.swift */,
				0688844A2A9DCFB000B45DF8 /* SettingsViewController.swift */,
				06890E272A9F8E01002F44FF /* FeedTableViewCell.swift */,
				06A22D8B2A9CA65A00EF1AA1 /* Main.storyboard */,
				06A22D8E2A9CA65B00EF1AA1 /* Assets.xcassets */,
				06A22D902A9CA65B00EF1AA1 /* LaunchScreen.storyboard */,
				06A22D932A9CA65B00EF1AA1 /* Info.plist */,
				068325372A9CB82400520282 /* GoogleService-Info.plist */,
				0676B2EE2A9FA5DD00A40094 /* Post.swift */,
			);
			path = PictureApp;
			sourceTree = "<group>";
		};
/* End PBXGroup section */

/* Begin PBXNativeTarget section */
		06A22D812A9CA65A00EF1AA1 /* PictureApp */ = {
			isa = PBXNativeTarget;
			buildConfigurationList = 06A22D962A9CA65B00EF1AA1 /* Build configuration list for PBXNativeTarget "PictureApp" */;
			buildPhases = (
				06A22D7E2A9CA65A00EF1AA1 /* Sources */,
				06A22D7F2A9CA65A00EF1AA1 /* Frameworks */,
				06A22D802A9CA65A00EF1AA1 /* Resources */,
			);
			buildRules = (
			);
			dependencies = (
			);
			name = PictureApp;
			packageProductDependencies = (
				06A22D9A2A9CA74200EF1AA1 /* FirebaseAuth */,
				06A22D9C2A9CA74200EF1AA1 /* FirebaseFirestore */,
				06A22D9E2A9CA74200EF1AA1 /* FirebaseStorage */,
				06890E252A9F7B43002F44FF /* SDWebImage */,
			);
			productName = PictureApp;
			productReference = 06A22D822A9CA65A00EF1AA1 /* PictureApp.app */;
			productType = "com.apple.product-type.application";
		};
/* End PBXNativeTarget section */

/* Begin PBXProject section */
		06A22D7A2A9CA65A00EF1AA1 /* Project object */ = {
			isa = PBXProject;
			attributes = {
				BuildIndependentTargetsInParallel = 1;
				LastSwiftUpdateCheck = 1410;
				LastUpgradeCheck = 1410;
				TargetAttributes = {
					06A22D812A9CA65A00EF1AA1 = {
						CreatedOnToolsVersion = 14.1;
					};
				};
			};
			buildConfigurationList = 06A22D7D2A9CA65A00EF1AA1 /* Build configuration list for PBXProject "PictureApp" */;
			compatibilityVersion = "Xcode 14.0";
			developmentRegion = en;
			hasScannedForEncodings = 0;
			knownRegions = (
				en,
				Base,
			);
			mainGroup = 06A22D792A9CA65A00EF1AA1;
			packageReferences = (
				06A22D992A9CA74200EF1AA1 /* XCRemoteSwiftPackageReference "firebase-ios-sdk" */,
				06890E242A9F7B43002F44FF /* XCRemoteSwiftPackageReference "SDWebImage" */,
			);
			productRefGroup = 06A22D832A9CA65A00EF1AA1 /* Products */;
			projectDirPath = "";
			projectRoot = "";
			targets = (
				06A22D812A9CA65A00EF1AA1 /* PictureApp */,
			);
		};
/* End PBXProject section */

/* Begin PBXResourcesBuildPhase section */
		06A22D802A9CA65A00EF1AA1 /* Resources */ = {
			isa = PBXResourcesBuildPhase;
			buildActionMask = 2147483647;
			files = (
				06A22D922A9CA65B00EF1AA1 /* LaunchScreen.storyboard in Resources */,
				068325382A9CB82500520282 /* GoogleService-Info.plist in Resources */,
				06A22D8F2A9CA65B00EF1AA1 /* Assets.xcassets in Resources */,
				06A22D8D2A9CA65A00EF1AA1 /* Main.storyboard in Resources */,
			);
			runOnlyForDeploymentPostprocessing = 0;
		};
/* End PBXResourcesBuildPhase section */

/* Begin PBXSourcesBuildPhase section */
		06A22D7E2A9CA65A00EF1AA1 /* Sources */ = {
			isa = PBXSourcesBuildPhase;
			buildActionMask = 2147483647;
			files = (
				06A22D8A2A9CA65A00EF1AA1 /* ViewController.swift in Sources */,
				068884492A9DCF9E00B45DF8 /* UploadViewController.swift in Sources */,
				06890E282A9F8E01002F44FF /* FeedTableViewCell.swift in Sources */,
				0676B2EF2A9FA5DD00A40094 /* Post.swift in Sources */,
				06A22D862A9CA65A00EF1AA1 /* AppDelegate.swift in Sources */,
				068884472A9DCF7F00B45DF8 /* FeedViewController.swift in Sources */,
				06A22D882A9CA65A00EF1AA1 /* SceneDelegate.swift in Sources */,
				0688844B2A9DCFB000B45DF8 /* SettingsViewController.swift in Sources */,
			);
			runOnlyForDeploymentPostprocessing = 0;
		};
/* End PBXSourcesBuildPhase section */

/* Begin PBXVariantGroup section */
		06A22D8B2A9CA65A00EF1AA1 /* Main.storyboard */ = {
			isa = PBXVariantGroup;
			children = (
				06A22D8C2A9CA65A00EF1AA1 /* Base */,
			);
			name = Main.storyboard;
			sourceTree = "<group>";
		};
		06A22D902A9CA65B00EF1AA1 /* LaunchScreen.storyboard */ = {
			isa = PBXVariantGroup;
			children = (
				06A22D912A9CA65B00EF1AA1 /* Base */,
			);
			name = LaunchScreen.storyboard;
			sourceTree = "<group>";
		};
/* End PBXVariantGroup section */

/* Begin XCBuildConfiguration section */
		06A22D942A9CA65B00EF1AA1 /* Debug */ = {
			isa = XCBuildConfiguration;
			buildSettings = {
				ALWAYS_SEARCH_USER_PATHS = NO;
				CLANG_ANALYZER_NONNULL = YES;
				CLANG_ANALYZER_NUMBER_OBJECT_CONVERSION = YES_AGGRESSIVE;
				CLANG_CXX_LANGUAGE_STANDARD = "gnu++20";
				CLANG_ENABLE_MODULES = YES;
				CLANG_ENABLE_OBJC_ARC = YES;
				CLANG_ENABLE_OBJC_WEAK = YES;
				CLANG_WARN_BLOCK_CAPTURE_AUTORELEASING = YES;
				CLANG_WARN_BOOL_CONVERSION = YES;
				CLANG_WARN_COMMA = YES;
				CLANG_WARN_CONSTANT_CONVERSION = YES;
				CLANG_WARN_DEPRECATED_OBJC_IMPLEMENTATIONS = YES;
				CLANG_WARN_DIRECT_OBJC_ISA_USAGE = YES_ERROR;
				CLANG_WARN_DOCUMENTATION_COMMENTS = YES;
				CLANG_WARN_EMPTY_BODY = YES;
				CLANG_WARN_ENUM_CONVERSION = YES;
				CLANG_WARN_INFINITE_RECURSION = YES;
				CLANG_WARN_INT_CONVERSION = YES;
				CLANG_WARN_NON_LITERAL_NULL_CONVERSION = YES;
				CLANG_WARN_OBJC_IMPLICIT_RETAIN_SELF = YES;
				CLANG_WARN_OBJC_LITERAL_CONVERSION = YES;
				CLANG_WARN_OBJC_ROOT_CLASS = YES_ERROR;
				CLANG_WARN_QUOTED_INCLUDE_IN_FRAMEWORK_HEADER = YES;
				CLANG_WARN_RANGE_LOOP_ANALYSIS = YES;
				CLANG_WARN_STRICT_PROTOTYPES = YES;
				CLANG_WARN_SUSPICIOUS_MOVE = YES;
				CLANG_WARN_UNGUARDED_AVAILABILITY = YES_AGGRESSIVE;
				CLANG_WARN_UNREACHABLE_CODE = YES;
				CLANG_WARN__DUPLICATE_METHOD_MATCH = YES;
				COPY_PHASE_STRIP = NO;
				DEBUG_INFORMATION_FORMAT = dwarf;
				ENABLE_STRICT_OBJC_MSGSEND = YES;
				ENABLE_TESTABILITY = YES;
				GCC_C_LANGUAGE_STANDARD = gnu11;
				GCC_DYNAMIC_NO_PIC = NO;
				GCC_NO_COMMON_BLOCKS = YES;
				GCC_OPTIMIZATION_LEVEL = 0;
				GCC_PREPROCESSOR_DEFINITIONS = (
					"DEBUG=1",
					"$(inherited)",
				);
				GCC_WARN_64_TO_32_BIT_CONVERSION = YES;
				GCC_WARN_ABOUT_RETURN_TYPE = YES_ERROR;
				GCC_WARN_UNDECLARED_SELECTOR = YES;
				GCC_WARN_UNINITIALIZED_AUTOS = YES_AGGRESSIVE;
				GCC_WARN_UNUSED_FUNCTION = YES;
				GCC_WARN_UNUSED_VARIABLE = YES;
				IPHONEOS_DEPLOYMENT_TARGET = 16.1;
				MTL_ENABLE_DEBUG_INFO = INCLUDE_SOURCE;
				MTL_FAST_MATH = YES;
				ONLY_ACTIVE_ARCH = YES;
				SDKROOT = iphoneos;
				SWIFT_ACTIVE_COMPILATION_CONDITIONS = DEBUG;
				SWIFT_OPTIMIZATION_LEVEL = "-Onone";
			};
			name = Debug;
		};
		06A22D952A9CA65B00EF1AA1 /* Release */ = {
			isa = XCBuildConfiguration;
			buildSettings = {
				ALWAYS_SEARCH_USER_PATHS = NO;
				CLANG_ANALYZER_NONNULL = YES;
				CLANG_ANALYZER_NUMBER_OBJECT_CONVERSION = YES_AGGRESSIVE;
				CLANG_CXX_LANGUAGE_STANDARD = "gnu++20";
				CLANG_ENABLE_MODULES = YES;
				CLANG_ENABLE_OBJC_ARC = YES;
				CLANG_ENABLE_OBJC_WEAK = YES;
				CLANG_WARN_BLOCK_CAPTURE_AUTORELEASING = YES;
				CLANG_WARN_BOOL_CONVERSION = YES;
				CLANG_WARN_COMMA = YES;
				CLANG_WARN_CONSTANT_CONVERSION = YES;
				CLANG_WARN_DEPRECATED_OBJC_IMPLEMENTATIONS = YES;
				CLANG_WARN_DIRECT_OBJC_ISA_USAGE = YES_ERROR;
				CLANG_WARN_DOCUMENTATION_COMMENTS = YES;
				CLANG_WARN_EMPTY_BODY = YES;
				CLANG_WARN_ENUM_CONVERSION = YES;
				CLANG_WARN_INFINITE_RECURSION = YES;
				CLANG_WARN_INT_CONVERSION = YES;
				CLANG_WARN_NON_LITERAL_NULL_CONVERSION = YES;
				CLANG_WARN_OBJC_IMPLICIT_RETAIN_SELF = YES;
				CLANG_WARN_OBJC_LITERAL_CONVERSION = YES;
				CLANG_WARN_OBJC_ROOT_CLASS = YES_ERROR;
				CLANG_WARN_QUOTED_INCLUDE_IN_FRAMEWORK_HEADER = YES;
				CLANG_WARN_RANGE_LOOP_ANALYSIS = YES;
				CLANG_WARN_STRICT_PROTOTYPES = YES;
				CLANG_WARN_SUSPICIOUS_MOVE = YES;
				CLANG_WARN_UNGUARDED_AVAILABILITY = YES_AGGRESSIVE;
				CLANG_WARN_UNREACHABLE_CODE = YES;
				CLANG_WARN__DUPLICATE_METHOD_MATCH = YES;
				COPY_PHASE_STRIP = NO;
				DEBUG_INFORMATION_FORMAT = "dwarf-with-dsym";
				ENABLE_NS_ASSERTIONS = NO;
				ENABLE_STRICT_OBJC_MSGSEND = YES;
				GCC_C_LANGUAGE_STANDARD = gnu11;
				GCC_NO_COMMON_BLOCKS = YES;
				GCC_WARN_64_TO_32_BIT_CONVERSION = YES;
				GCC_WARN_ABOUT_RETURN_TYPE = YES_ERROR;
				GCC_WARN_UNDECLARED_SELECTOR = YES;
				GCC_WARN_UNINITIALIZED_AUTOS = YES_AGGRESSIVE;
				GCC_WARN_UNUSED_FUNCTION = YES;
				GCC_WARN_UNUSED_VARIABLE = YES;
				IPHONEOS_DEPLOYMENT_TARGET = 16.1;
				MTL_ENABLE_DEBUG_INFO = NO;
				MTL_FAST_MATH = YES;
				SDKROOT = iphoneos;
				SWIFT_COMPILATION_MODE = wholemodule;
				SWIFT_OPTIMIZATION_LEVEL = "-O";
				VALIDATE_PRODUCT = YES;
			};
			name = Release;
		};
		06A22D972A9CA65B00EF1AA1 /* Debug */ = {
			isa = XCBuildConfiguration;
			buildSettings = {
				ASSETCATALOG_COMPILER_APPICON_NAME = AppIcon;
				ASSETCATALOG_COMPILER_GLOBAL_ACCENT_COLOR_NAME = AccentColor;
				CODE_SIGN_STYLE = Automatic;
				CURRENT_PROJECT_VERSION = 1;
				GENERATE_INFOPLIST_FILE = YES;
				INFOPLIST_FILE = PictureApp/Info.plist;
				INFOPLIST_KEY_UIApplicationSupportsIndirectInputEvents = YES;
				INFOPLIST_KEY_UILaunchStoryboardName = Main.storyboard;
				INFOPLIST_KEY_UIMainStoryboardFile = Main;
				INFOPLIST_KEY_UISupportedInterfaceOrientations_iPad = "UIInterfaceOrientationPortrait UIInterfaceOrientationPortraitUpsideDown UIInterfaceOrientationLandscapeLeft UIInterfaceOrientationLandscapeRight";
				INFOPLIST_KEY_UISupportedInterfaceOrientations_iPhone = "UIInterfaceOrientationPortrait UIInterfaceOrientationLandscapeLeft UIInterfaceOrientationLandscapeRight";
				LD_RUNPATH_SEARCH_PATHS = (
					"$(inherited)",
					"@executable_path/Frameworks",
				);
				MARKETING_VERSION = 1.0;
				PRODUCT_BUNDLE_IDENTIFIER = freelance.PictureApp;
				PRODUCT_NAME = "$(TARGET_NAME)";
				SWIFT_EMIT_LOC_STRINGS = YES;
				SWIFT_VERSION = 5.0;
				TARGETED_DEVICE_FAMILY = "1,2";
			};
			name = Debug;
		};
		06A22D982A9CA65B00EF1AA1 /* Release */ = {
			isa = XCBuildConfiguration;
			buildSettings = {
				ASSETCATALOG_COMPILER_APPICON_NAME = AppIcon;
				ASSETCATALOG_COMPILER_GLOBAL_ACCENT_COLOR_NAME = AccentColor;
				CODE_SIGN_STYLE = Automatic;
				CURRENT_PROJECT_VERSION = 1;
				GENERATE_INFOPLIST_FILE = YES;
				INFOPLIST_FILE = PictureApp/Info.plist;
				INFOPLIST_KEY_UIApplicationSupportsIndirectInputEvents = YES;
				INFOPLIST_KEY_UILaunchStoryboardName = Main.storyboard;
				INFOPLIST_KEY_UIMainStoryboardFile = Main;
				INFOPLIST_KEY_UISupportedInterfaceOrientations_iPad = "UIInterfaceOrientationPortrait UIInterfaceOrientationPortraitUpsideDown UIInterfaceOrientationLandscapeLeft UIInterfaceOrientationLandscapeRight";
				INFOPLIST_KEY_UISupportedInterfaceOrientations_iPhone = "UIInterfaceOrientationPortrait UIInterfaceOrientationLandscapeLeft UIInterfaceOrientationLandscapeRight";
				LD_RUNPATH_SEARCH_PATHS = (
					"$(inherited)",
					"@executable_path/Frameworks",
				);
				MARKETING_VERSION = 1.0;
				PRODUCT_BUNDLE_IDENTIFIER = freelance.PictureApp;
				PRODUCT_NAME = "$(TARGET_NAME)";
				SWIFT_EMIT_LOC_STRINGS = YES;
				SWIFT_VERSION = 5.0;
				TARGETED_DEVICE_FAMILY = "1,2";
			};
			name = Release;
		};
/* End XCBuildConfiguration section */

/* Begin XCConfigurationList section */
		06A22D7D2A9CA65A00EF1AA1 /* Build configuration list for PBXProject "PictureApp" */ = {
			isa = XCConfigurationList;
			buildConfigurations = (
				06A22D942A9CA65B00EF1AA1 /* Debug */,
				06A22D952A9CA65B00EF1AA1 /* Release */,
			);
			defaultConfigurationIsVisible = 0;
			defaultConfigurationName = Release;
		};
		06A22D962A9CA65B00EF1AA1 /* Build configuration list for PBXNativeTarget "PictureApp" */ = {
			isa = XCConfigurationList;
			buildConfigurations = (
				06A22D972A9CA65B00EF1AA1 /* Debug */,
				06A22D982A9CA65B00EF1AA1 /* Release */,
			);
			defaultConfigurationIsVisible = 0;
			defaultConfigurationName = Release;
		};
/* End XCConfigurationList section */

/* Begin XCRemoteSwiftPackageReference section */
		06890E242A9F7B43002F44FF /* XCRemoteSwiftPackageReference "SDWebImage" */ = {
			isa = XCRemoteSwiftPackageReference;
			repositoryURL = "https://github.com/SDWebImage/SDWebImage";
			requirement = {
				kind = upToNextMajorVersion;
				minimumVersion = 5.0.0;
			};
		};
		06A22D992A9CA74200EF1AA1 /* XCRemoteSwiftPackageReference "firebase-ios-sdk" */ = {
			isa = XCRemoteSwiftPackageReference;
			repositoryURL = "https://github.com/firebase/firebase-ios-sdk";
			requirement = {
				kind = upToNextMajorVersion;
				minimumVersion = 9.0.0;
			};
		};
/* End XCRemoteSwiftPackageReference section */

/* Begin XCSwiftPackageProductDependency section */
		06890E252A9F7B43002F44FF /* SDWebImage */ = {
			isa = XCSwiftPackageProductDependency;
			package = 06890E242A9F7B43002F44FF /* XCRemoteSwiftPackageReference "SDWebImage" */;
			productName = SDWebImage;
		};
		06A22D9A2A9CA74200EF1AA1 /* FirebaseAuth */ = {
			isa = XCSwiftPackageProductDependency;
			package = 06A22D992A9CA74200EF1AA1 /* XCRemoteSwiftPackageReference "firebase-ios-sdk" */;
			productName = FirebaseAuth;
		};
		06A22D9C2A9CA74200EF1AA1 /* FirebaseFirestore */ = {
			isa = XCSwiftPackageProductDependency;
			package = 06A22D992A9CA74200EF1AA1 /* XCRemoteSwiftPackageReference "firebase-ios-sdk" */;
			productName = FirebaseFirestore;
		};
		06A22D9E2A9CA74200EF1AA1 /* FirebaseStorage */ = {
			isa = XCSwiftPackageProductDependency;
			package = 06A22D992A9CA74200EF1AA1 /* XCRemoteSwiftPackageReference "firebase-ios-sdk" */;
			productName = FirebaseStorage;
		};
/* End XCSwiftPackageProductDependency section */
	};
	rootObject = 06A22D7A2A9CA65A00EF1AA1 /* Project object */;
}
